
Microsoft Visual Studio Solution File, Format Version 12.00
# Visual Studio 2013
VisualStudioVersion = 12.0.21005.1
MinimumVisualStudioVersion = 10.0.40219.1
Project("{FAE04EC0-301F-11D3-BF4B-00C04F79EFBC}") = "ForumsSystem", "ForumsSystem\ForumsSystem.csproj", "{488D5473-E8EC-4DF6-99C9-8D07D7F30237}"
EndProject
Project("{FAE04EC0-301F-11D3-BF4B-00C04F79EFBC}") = "AcceptanceTests", "AcceptanceTests\AcceptanceTests.csproj", "{4FCE9397-79D3-4F51-9823-054C2A433F46}"
EndProject
Global
	GlobalSection(SolutionConfigurationPlatforms) = preSolution
		Debug|Any CPU = Debug|Any CPU
		Release|Any CPU = Release|Any CPU
	EndGlobalSection
	GlobalSection(ProjectConfigurationPlatforms) = postSolution
		{488D5473-E8EC-4DF6-99C9-8D07D7F30237}.Debug|Any CPU.ActiveCfg = Debug|Any CPU
		{488D5473-E8EC-4DF6-99C9-8D07D7F30237}.Debug|Any CPU.Build.0 = Debug|Any CPU
		{488D5473-E8EC-4DF6-99C9-8D07D7F30237}.Release|Any CPU.ActiveCfg = Release|Any CPU
		{488D5473-E8EC-4DF6-99C9-8D07D7F30237}.Release|Any CPU.Build.0 = Release|Any CPU
		{4FCE9397-79D3-4F51-9823-054C2A433F46}.Debug|Any CPU.ActiveCfg = Debug|Any CPU
		{4FCE9397-79D3-4F51-9823-054C2A433F46}.Debug|Any CPU.Build.0 = Debug|Any CPU
		{4FCE9397-79D3-4F51-9823-054C2A433F46}.Release|Any CPU.ActiveCfg = Release|Any CPU
		{4FCE9397-79D3-4F51-9823-054C2A433F46}.Release|Any CPU.Build.0 = Release|Any CPU
	EndGlobalSection
	GlobalSection(SolutionProperties) = preSolution
		HideSolutionNode = FALSE
	EndGlobalSection
EndGlobal
